
Microsoft Visual Studio Solution File, Format Version 12.00
# Visual Studio 15
VisualStudioVersion = 15.0.28307.106
MinimumVisualStudioVersion = 10.0.40219.1
Project("{FAE04EC0-301F-11D3-BF4B-00C04F79EFBC}") = "Pharmacy", "Pharmacy\Pharmacy.csproj", "{DE3EE4A3-BB71-40C7-A09D-9B71B6EFBFB6}"
EndProject
Project("{FAE04EC0-301F-11D3-BF4B-00C04F79EFBC}") = "Pharmacy.Core", "Pharmacy.Core\Pharmacy.Core.csproj", "{02AB23BB-BE36-41F7-BA64-835244CECC22}"
EndProject
Project("{FAE04EC0-301F-11D3-BF4B-00C04F79EFBC}") = "Pharmacy.Infrastructure", "Pharmacy.Infrastructure\Pharmacy.Infrastructure.csproj", "{37818E2C-BAFF-4F32-966A-2DB3453E194E}"
EndProject
Project("{FAE04EC0-301F-11D3-BF4B-00C04F79EFBC}") = "Pharmacy.Tests", "Pharmacy.Tests\Pharmacy.Tests.csproj", "{44FC8F64-5A77-4A62-88CD-91CA2A93BE82}"
EndProject
Global
	GlobalSection(SolutionConfigurationPlatforms) = preSolution
		Debug|Any CPU = Debug|Any CPU
		Release|Any CPU = Release|Any CPU
	EndGlobalSection
	GlobalSection(ProjectConfigurationPlatforms) = postSolution
		{DE3EE4A3-BB71-40C7-A09D-9B71B6EFBFB6}.Debug|Any CPU.ActiveCfg = Debug|Any CPU
		{DE3EE4A3-BB71-40C7-A09D-9B71B6EFBFB6}.Debug|Any CPU.Build.0 = Debug|Any CPU
		{DE3EE4A3-BB71-40C7-A09D-9B71B6EFBFB6}.Release|Any CPU.ActiveCfg = Release|Any CPU
		{DE3EE4A3-BB71-40C7-A09D-9B71B6EFBFB6}.Release|Any CPU.Build.0 = Release|Any CPU
		{02AB23BB-BE36-41F7-BA64-835244CECC22}.Debug|Any CPU.ActiveCfg = Debug|Any CPU
		{02AB23BB-BE36-41F7-BA64-835244CECC22}.Debug|Any CPU.Build.0 = Debug|Any CPU
		{02AB23BB-BE36-41F7-BA64-835244CECC22}.Release|Any CPU.ActiveCfg = Release|Any CPU
		{02AB23BB-BE36-41F7-BA64-835244CECC22}.Release|Any CPU.Build.0 = Release|Any CPU
		{37818E2C-BAFF-4F32-966A-2DB3453E194E}.Debug|Any CPU.ActiveCfg = Debug|Any CPU
		{37818E2C-BAFF-4F32-966A-2DB3453E194E}.Debug|Any CPU.Build.0 = Debug|Any CPU
		{37818E2C-BAFF-4F32-966A-2DB3453E194E}.Release|Any CPU.ActiveCfg = Release|Any CPU
		{37818E2C-BAFF-4F32-966A-2DB3453E194E}.Release|Any CPU.Build.0 = Release|Any CPU
		{44FC8F64-5A77-4A62-88CD-91CA2A93BE82}.Debug|Any CPU.ActiveCfg = Debug|Any CPU
		{44FC8F64-5A77-4A62-88CD-91CA2A93BE82}.Debug|Any CPU.Build.0 = Debug|Any CPU
		{44FC8F64-5A77-4A62-88CD-91CA2A93BE82}.Release|Any CPU.ActiveCfg = Release|Any CPU
		{44FC8F64-5A77-4A62-88CD-91CA2A93BE82}.Release|Any CPU.Build.0 = Release|Any CPU
	EndGlobalSection
	GlobalSection(SolutionProperties) = preSolution
		HideSolutionNode = FALSE
	EndGlobalSection
	GlobalSection(ExtensibilityGlobals) = postSolution
		SolutionGuid = {0FCE7897-9E88-44B8-9D12-2A4DBEDAE727}
	EndGlobalSection
EndGlobal
